// !$*UTF8*$!
{
	archiveVersion = 1;
	classes = {
	};
	objectVersion = 56;
	objects = {

/* Begin PBXBuildFile section */
		100000000000000000000001 /* GlowMateApp.swift in Sources */ = {isa = PBXBuildFile; fileRef = 200000000000000000000001 /* GlowMateApp.swift */; };
		100000000000000000000002 /* Theme.swift in Sources */ = {isa = PBXBuildFile; fileRef = 200000000000000000000002 /* Theme.swift */; };
		100000000000000000000003 /* Models.swift in Sources */ = {isa = PBXBuildFile; fileRef = 200000000000000000000003 /* Models.swift */; };
		100000000000000000000004 /* Localization.swift in Sources */ = {isa = PBXBuildFile; fileRef = 200000000000000000000004 /* Localization.swift */; };
		100000000000000000000005 /* Persistence.swift in Sources */ = {isa = PBXBuildFile; fileRef = 200000000000000000000005 /* Persistence.swift */; };
		100000000000000000000006 /* ScreenshotMode.swift in Sources */ = {isa = PBXBuildFile; fileRef = 200000000000000000000006 /* ScreenshotMode.swift */; };
		100000000000000000000007 /* LightingEngine.swift in Sources */ = {isa = PBXBuildFile; fileRef = 200000000000000000000007 /* LightingEngine.swift */; };
		100000000000000000000008 /* CameraMeter.swift in Sources */ = {isa = PBXBuildFile; fileRef = 200000000000000000000008 /* CameraMeter.swift */; };
		100000000000000000000009 /* TorchController.swift in Sources */ = {isa = PBXBuildFile; fileRef = 200000000000000000000009 /* TorchController.swift */; };
		10000000000000000000000A /* GlowMateModel.swift in Sources */ = {isa = PBXBuildFile; fileRef = 20000000000000000000000A /* GlowMateModel.swift */; };
		10000000000000000000000B /* RootView.swift in Sources */ = {isa = PBXBuildFile; fileRef = 20000000000000000000000B /* RootView.swift */; };
		10000000000000000000000C /* Components.swift in Sources */ = {isa = PBXBuildFile; fileRef = 20000000000000000000000C /* Components.swift */; };
		10000000000000000000000D /* MeterView.swift in Sources */ = {isa = PBXBuildFile; fileRef = 20000000000000000000000D /* MeterView.swift */; };
		10000000000000000000000E /* LightView.swift in Sources */ = {isa = PBXBuildFile; fileRef = 20000000000000000000000E /* LightView.swift */; };
		10000000000000000000000F /* ScenesView.swift in Sources */ = {isa = PBXBuildFile; fileRef = 20000000000000000000000F /* ScenesView.swift */; };
		100000000000000000000010 /* RecordsView.swift in Sources */ = {isa = PBXBuildFile; fileRef = 200000000000000000000010 /* RecordsView.swift */; };
		100000000000000000000011 /* SettingsView.swift in Sources */ = {isa = PBXBuildFile; fileRef = 200000000000000000000011 /* SettingsView.swift */; };
		100000000000000000000012 /* Assets.xcassets in Resources */ = {isa = PBXBuildFile; fileRef = 200000000000000000000012 /* Assets.xcassets */; };
		100000000000000000000013 /* InfoPlist.strings in Resources */ = {isa = PBXBuildFile; fileRef = 200000000000000000000013 /* InfoPlist.strings */; };
/* End PBXBuildFile section */

/* Begin PBXFileReference section */
		200000000000000000000001 /* GlowMateApp.swift */ = {isa = PBXFileReference; lastKnownFileType = sourcecode.swift; path = GlowMateApp.swift; sourceTree = "<group>"; };
		200000000000000000000002 /* Theme.swift */ = {isa = PBXFileReference; lastKnownFileType = sourcecode.swift; path = Theme.swift; sourceTree = "<group>"; };
		200000000000000000000003 /* Models.swift */ = {isa = PBXFileReference; lastKnownFileType = sourcecode.swift; path = Models.swift; sourceTree = "<group>"; };
		200000000000000000000004 /* Localization.swift */ = {isa = PBXFileReference; lastKnownFileType = sourcecode.swift; path = Localization.swift; sourceTree = "<group>"; };
		200000000000000000000005 /* Persistence.swift */ = {isa = PBXFileReference; lastKnownFileType = sourcecode.swift; path = Persistence.swift; sourceTree = "<group>"; };
		200000000000000000000006 /* ScreenshotMode.swift */ = {isa = PBXFileReference; lastKnownFileType = sourcecode.swift; path = ScreenshotMode.swift; sourceTree = "<group>"; };
		200000000000000000000007 /* LightingEngine.swift */ = {isa = PBXFileReference; lastKnownFileType = sourcecode.swift; path = LightingEngine.swift; sourceTree = "<group>"; };
		200000000000000000000008 /* CameraMeter.swift */ = {isa = PBXFileReference; lastKnownFileType = sourcecode.swift; path = CameraMeter.swift; sourceTree = "<group>"; };
		200000000000000000000009 /* TorchController.swift */ = {isa = PBXFileReference; lastKnownFileType = sourcecode.swift; path = TorchController.swift; sourceTree = "<group>"; };
		20000000000000000000000A /* GlowMateModel.swift */ = {isa = PBXFileReference; lastKnownFileType = sourcecode.swift; path = GlowMateModel.swift; sourceTree = "<group>"; };
		20000000000000000000000B /* RootView.swift */ = {isa = PBXFileReference; lastKnownFileType = sourcecode.swift; path = RootView.swift; sourceTree = "<group>"; };
		20000000000000000000000C /* Components.swift */ = {isa = PBXFileReference; lastKnownFileType = sourcecode.swift; path = Components.swift; sourceTree = "<group>"; };
		20000000000000000000000D /* MeterView.swift */ = {isa = PBXFileReference; lastKnownFileType = sourcecode.swift; path = MeterView.swift; sourceTree = "<group>"; };
		20000000000000000000000E /* LightView.swift */ = {isa = PBXFileReference; lastKnownFileType = sourcecode.swift; path = LightView.swift; sourceTree = "<group>"; };
		20000000000000000000000F /* ScenesView.swift */ = {isa = PBXFileReference; lastKnownFileType = sourcecode.swift; path = ScenesView.swift; sourceTree = "<group>"; };
		200000000000000000000010 /* RecordsView.swift */ = {isa = PBXFileReference; lastKnownFileType = sourcecode.swift; path = RecordsView.swift; sourceTree = "<group>"; };
		200000000000000000000011 /* SettingsView.swift */ = {isa = PBXFileReference; lastKnownFileType = sourcecode.swift; path = SettingsView.swift; sourceTree = "<group>"; };
		200000000000000000000012 /* Assets.xcassets */ = {isa = PBXFileReference; lastKnownFileType = folder.assetcatalog; path = Assets.xcassets; sourceTree = "<group>"; };
		200000000000000000000014 /* Info.plist */ = {isa = PBXFileReference; lastKnownFileType = text.plist.xml; path = Info.plist; sourceTree = "<group>"; };
		200000000000000000000015 /* GlowMate.app */ = {isa = PBXFileReference; explicitFileType = wrapper.application; includeInIndex = 0; path = GlowMate.app; sourceTree = BUILT_PRODUCTS_DIR; };
		200000000000000000000016 /* en */ = {isa = PBXFileReference; lastKnownFileType = text.plist.strings; name = en; path = en.lproj/InfoPlist.strings; sourceTree = "<group>"; };
		200000000000000000000017 /* zh-Hans */ = {isa = PBXFileReference; lastKnownFileType = text.plist.strings; name = "zh-Hans"; path = "zh-Hans.lproj/InfoPlist.strings"; sourceTree = "<group>"; };
		200000000000000000000018 /* ja */ = {isa = PBXFileReference; lastKnownFileType = text.plist.strings; name = ja; path = ja.lproj/InfoPlist.strings; sourceTree = "<group>"; };
/* End PBXFileReference section */

/* Begin PBXFrameworksBuildPhase section */
		300000000000000000000001 /* Frameworks */ = {
			isa = PBXFrameworksBuildPhase;
			buildActionMask = 2147483647;
			files = (
			);
			runOnlyForDeploymentPostprocessing = 0;
		};
/* End PBXFrameworksBuildPhase section */

/* Begin PBXGroup section */
		400000000000000000000001 = {
			isa = PBXGroup;
			children = (
				400000000000000000000002 /* GlowMate */,
				400000000000000000000003 /* Products */,
			);
			sourceTree = "<group>";
		};
		400000000000000000000002 /* GlowMate */ = {
			isa = PBXGroup;
			children = (
				200000000000000000000001 /* GlowMateApp.swift */,
				20000000000000000000000B /* RootView.swift */,
				20000000000000000000000C /* Components.swift */,
				20000000000000000000000D /* MeterView.swift */,
				20000000000000000000000E /* LightView.swift */,
				20000000000000000000000F /* ScenesView.swift */,
				200000000000000000000010 /* RecordsView.swift */,
				200000000000000000000011 /* SettingsView.swift */,
				20000000000000000000000A /* GlowMateModel.swift */,
				200000000000000000000008 /* CameraMeter.swift */,
				200000000000000000000009 /* TorchController.swift */,
				200000000000000000000007 /* LightingEngine.swift */,
				200000000000000000000006 /* ScreenshotMode.swift */,
				200000000000000000000005 /* Persistence.swift */,
				200000000000000000000004 /* Localization.swift */,
				200000000000000000000003 /* Models.swift */,
				200000000000000000000002 /* Theme.swift */,
				200000000000000000000012 /* Assets.xcassets */,
				200000000000000000000014 /* Info.plist */,
				200000000000000000000013 /* InfoPlist.strings */,
			);
			path = GlowMate;
			sourceTree = "<group>";
		};
		400000000000000000000003 /* Products */ = {
			isa = PBXGroup;
			children = (
				200000000000000000000015 /* GlowMate.app */,
			);
			name = Products;
			sourceTree = "<group>";
		};
/* End PBXGroup section */

/* Begin PBXNativeTarget section */
		500000000000000000000001 /* GlowMate */ = {
			isa = PBXNativeTarget;
			buildConfigurationList = 800000000000000000000002 /* Build configuration list for PBXNativeTarget "GlowMate" */;
			buildPhases = (
				300000000000000000000002 /* Sources */,
				300000000000000000000001 /* Frameworks */,
				300000000000000000000003 /* Resources */,
			);
			buildRules = (
			);
			dependencies = (
			);
			name = GlowMate;
			productName = GlowMate;
			productReference = 200000000000000000000015 /* GlowMate.app */;
			productType = "com.apple.product-type.application";
		};
/* End PBXNativeTarget section */

/* Begin PBXProject section */
		600000000000000000000001 /* Project object */ = {
			isa = PBXProject;
			attributes = {
				BuildIndependentTargetsInParallel = 1;
				LastSwiftUpdateCheck = 2620;
				LastUpgradeCheck = 2620;
				TargetAttributes = {
					500000000000000000000001 = {
						CreatedOnToolsVersion = 26.2;
					};
				};
			};
			buildConfigurationList = 800000000000000000000001 /* Build configuration list for PBXProject "GlowMate" */;
			compatibilityVersion = "Xcode 14.0";
			developmentRegion = en;
			hasScannedForEncodings = 0;
			knownRegions = (
				en,
				"zh-Hans",
				ja,
				Base,
			);
			mainGroup = 400000000000000000000001;
			productRefGroup = 400000000000000000000003 /* Products */;
			projectDirPath = "";
			projectRoot = "";
			targets = (
				500000000000000000000001 /* GlowMate */,
			);
		};
/* End PBXProject section */

/* Begin PBXResourcesBuildPhase section */
		300000000000000000000003 /* Resources */ = {
			isa = PBXResourcesBuildPhase;
			buildActionMask = 2147483647;
			files = (
				100000000000000000000012 /* Assets.xcassets in Resources */,
				100000000000000000000013 /* InfoPlist.strings in Resources */,
			);
			runOnlyForDeploymentPostprocessing = 0;
		};
/* End PBXResourcesBuildPhase section */

/* Begin PBXSourcesBuildPhase section */
		300000000000000000000002 /* Sources */ = {
			isa = PBXSourcesBuildPhase;
			buildActionMask = 2147483647;
			files = (
				100000000000000000000001 /* GlowMateApp.swift in Sources */,
				100000000000000000000002 /* Theme.swift in Sources */,
				100000000000000000000003 /* Models.swift in Sources */,
				100000000000000000000004 /* Localization.swift in Sources */,
				100000000000000000000005 /* Persistence.swift in Sources */,
				100000000000000000000006 /* ScreenshotMode.swift in Sources */,
				100000000000000000000007 /* LightingEngine.swift in Sources */,
				100000000000000000000008 /* CameraMeter.swift in Sources */,
				100000000000000000000009 /* TorchController.swift in Sources */,
				10000000000000000000000A /* GlowMateModel.swift in Sources */,
				10000000000000000000000B /* RootView.swift in Sources */,
				10000000000000000000000C /* Components.swift in Sources */,
				10000000000000000000000D /* MeterView.swift in Sources */,
				10000000000000000000000E /* LightView.swift in Sources */,
				10000000000000000000000F /* ScenesView.swift in Sources */,
				100000000000000000000010 /* RecordsView.swift in Sources */,
				100000000000000000000011 /* SettingsView.swift in Sources */,
			);
			runOnlyForDeploymentPostprocessing = 0;
		};
/* End PBXSourcesBuildPhase section */

/* Begin PBXVariantGroup section */
		200000000000000000000013 /* InfoPlist.strings */ = {
			isa = PBXVariantGroup;
			children = (
				200000000000000000000016 /* en */,
				200000000000000000000017 /* zh-Hans */,
				200000000000000000000018 /* ja */,
			);
			name = InfoPlist.strings;
			sourceTree = "<group>";
		};
/* End PBXVariantGroup section */

/* Begin XCBuildConfiguration section */
		700000000000000000000001 /* Debug */ = {
			isa = XCBuildConfiguration;
			buildSettings = {
				ALWAYS_SEARCH_USER_PATHS = NO;
				CLANG_ANALYZER_NONNULL = YES;
				CLANG_ANALYZER_NUMBER_OBJECT_CONVERSION = YES_AGGRESSIVE;
				CLANG_CXX_LANGUAGE_STANDARD = "gnu++20";
				CLANG_ENABLE_MODULES = YES;
				CLANG_ENABLE_OBJC_ARC = YES;
				CLANG_ENABLE_OBJC_WEAK = YES;
				CLANG_WARN_BLOCK_CAPTURE_AUTORELEASING = YES;
				CLANG_WARN_BOOL_CONVERSION = YES;
				CLANG_WARN_COMMA = YES;
				CLANG_WARN_CONSTANT_CONVERSION = YES;
				CLANG_WARN_DEPRECATED_OBJC_IMPLEMENTATIONS = YES;
				CLANG_WARN_DIRECT_OBJC_ISA_USAGE = YES_ERROR;
				CLANG_WARN_DOCUMENTATION_COMMENTS = YES;
				CLANG_WARN_EMPTY_BODY = YES;
				CLANG_WARN_ENUM_CONVERSION = YES;
				CLANG_WARN_INFINITE_RECURSION = YES;
				CLANG_WARN_INT_CONVERSION = YES;
				CLANG_WARN_NON_LITERAL_NULL_CONVERSION = YES;
				CLANG_WARN_OBJC_IMPLICIT_RETAIN_SELF = YES;
				CLANG_WARN_OBJC_LITERAL_CONVERSION = YES;
				CLANG_WARN_OBJC_ROOT_CLASS = YES_ERROR;
				CLANG_WARN_QUOTED_INCLUDE_IN_FRAMEWORK_HEADER = YES;
				CLANG_WARN_RANGE_LOOP_ANALYSIS = YES;
				CLANG_WARN_STRICT_PROTOTYPES = YES;
				CLANG_WARN_SUSPICIOUS_MOVE = YES;
				CLANG_WARN_UNGUARDED_AVAILABILITY = YES_AGGRESSIVE;
				CLANG_WARN_UNREACHABLE_CODE = YES;
				CLANG_WARN__DUPLICATE_METHOD_MATCH = YES;
				COPY_PHASE_STRIP = NO;
				DEBUG_INFORMATION_FORMAT = dwarf;
				ENABLE_STRICT_OBJC_MSGSEND = YES;
				ENABLE_TESTABILITY = YES;
				ENABLE_USER_SCRIPT_SANDBOXING = YES;
				GCC_C_LANGUAGE_STANDARD = gnu17;
				GCC_DYNAMIC_NO_PIC = NO;
				GCC_NO_COMMON_BLOCKS = YES;
				GCC_OPTIMIZATION_LEVEL = 0;
				GCC_PREPROCESSOR_DEFINITIONS = (
					"DEBUG=1",
					"$(inherited)",
				);
				GCC_WARN_64_TO_32_BIT_CONVERSION = YES;
				GCC_WARN_ABOUT_RETURN_TYPE = YES_ERROR;
				GCC_WARN_UNDECLARED_SELECTOR = YES;
				GCC_WARN_UNINITIALIZED_AUTOS = YES_AGGRESSIVE;
				GCC_WARN_UNUSED_FUNCTION = YES;
				GCC_WARN_UNUSED_VARIABLE = YES;
				IPHONEOS_DEPLOYMENT_TARGET = 17.0;
				MTL_ENABLE_DEBUG_INFO = INCLUDE_SOURCE;
				MTL_FAST_MATH = YES;
				ONLY_ACTIVE_ARCH = YES;
				SDKROOT = iphoneos;
				SWIFT_ACTIVE_COMPILATION_CONDITIONS = DEBUG;
				SWIFT_OPTIMIZATION_LEVEL = "-Onone";
			};
			name = Debug;
		};
		700000000000000000000002 /* Release */ = {
			isa = XCBuildConfiguration;
			buildSettings = {
				ALWAYS_SEARCH_USER_PATHS = NO;
				CLANG_ANALYZER_NONNULL = YES;
				CLANG_ANALYZER_NUMBER_OBJECT_CONVERSION = YES_AGGRESSIVE;
				CLANG_CXX_LANGUAGE_STANDARD = "gnu++20";
				CLANG_ENABLE_MODULES = YES;
				CLANG_ENABLE_OBJC_ARC = YES;
				CLANG_ENABLE_OBJC_WEAK = YES;
				CLANG_WARN_BLOCK_CAPTURE_AUTORELEASING = YES;
				CLANG_WARN_BOOL_CONVERSION = YES;
				CLANG_WARN_COMMA = YES;
				CLANG_WARN_CONSTANT_CONVERSION = YES;
				CLANG_WARN_DEPRECATED_OBJC_IMPLEMENTATIONS = YES;
				CLANG_WARN_DIRECT_OBJC_ISA_USAGE = YES_ERROR;
				CLANG_WARN_DOCUMENTATION_COMMENTS = YES;
				CLANG_WARN_EMPTY_BODY = YES;
				CLANG_WARN_ENUM_CONVERSION = YES;
				CLANG_WARN_INFINITE_RECURSION = YES;
				CLANG_WARN_INT_CONVERSION = YES;
				CLANG_WARN_NON_LITERAL_NULL_CONVERSION = YES;
				CLANG_WARN_OBJC_IMPLICIT_RETAIN_SELF = YES;
				CLANG_WARN_OBJC_LITERAL_CONVERSION = YES;
				CLANG_WARN_OBJC_ROOT_CLASS = YES_ERROR;
				CLANG_WARN_QUOTED_INCLUDE_IN_FRAMEWORK_HEADER = YES;
				CLANG_WARN_RANGE_LOOP_ANALYSIS = YES;
				CLANG_WARN_STRICT_PROTOTYPES = YES;
				CLANG_WARN_SUSPICIOUS_MOVE = YES;
				CLANG_WARN_UNGUARDED_AVAILABILITY = YES_AGGRESSIVE;
				CLANG_WARN_UNREACHABLE_CODE = YES;
				CLANG_WARN__DUPLICATE_METHOD_MATCH = YES;
				COPY_PHASE_STRIP = NO;
				DEBUG_INFORMATION_FORMAT = "dwarf-with-dsym";
				ENABLE_NS_ASSERTIONS = NO;
				ENABLE_STRICT_OBJC_MSGSEND = YES;
				ENABLE_USER_SCRIPT_SANDBOXING = YES;
				GCC_C_LANGUAGE_STANDARD = gnu17;
				GCC_NO_COMMON_BLOCKS = YES;
				GCC_WARN_64_TO_32_BIT_CONVERSION = YES;
				GCC_WARN_ABOUT_RETURN_TYPE = YES_ERROR;
				GCC_WARN_UNDECLARED_SELECTOR = YES;
				GCC_WARN_UNINITIALIZED_AUTOS = YES_AGGRESSIVE;
				GCC_WARN_UNUSED_FUNCTION = YES;
				GCC_WARN_UNUSED_VARIABLE = YES;
				IPHONEOS_DEPLOYMENT_TARGET = 17.0;
				MTL_ENABLE_DEBUG_INFO = NO;
				MTL_FAST_MATH = YES;
				SDKROOT = iphoneos;
				SWIFT_COMPILATION_MODE = wholemodule;
				SWIFT_OPTIMIZATION_LEVEL = "-O";
				VALIDATE_PRODUCT = YES;
			};
			name = Release;
		};
		700000000000000000000003 /* Debug */ = {
			isa = XCBuildConfiguration;
			buildSettings = {
				ASSETCATALOG_COMPILER_APPICON_NAME = AppIcon;
				CODE_SIGN_STYLE = Automatic;
				CURRENT_PROJECT_VERSION = 1;
				DEVELOPMENT_ASSET_PATHS = "";
				DEVELOPMENT_TEAM = "";
				GENERATE_INFOPLIST_FILE = NO;
				INFOPLIST_FILE = GlowMate/Info.plist;
				LD_RUNPATH_SEARCH_PATHS = (
					"$(inherited)",
					"@executable_path/Frameworks",
				);
				MARKETING_VERSION = 1.0.0;
				PRODUCT_BUNDLE_IDENTIFIER = com.zhouyajie.glowmate;
				PRODUCT_NAME = GlowMate;
				SDKROOT = iphoneos;
				SUPPORTED_PLATFORMS = "iphoneos iphonesimulator";
				SUPPORTS_MACCATALYST = NO;
				SWIFT_EMIT_LOC_STRINGS = YES;
				SWIFT_VERSION = 5.0;
				TARGETED_DEVICE_FAMILY = 1;
				UILAUNCHSCREEN_GENERATION = NO;
			};
			name = Debug;
		};
		700000000000000000000004 /* Release */ = {
			isa = XCBuildConfiguration;
			buildSettings = {
				ASSETCATALOG_COMPILER_APPICON_NAME = AppIcon;
				CODE_SIGN_STYLE = Automatic;
				CURRENT_PROJECT_VERSION = 1;
				DEVELOPMENT_ASSET_PATHS = "";
				DEVELOPMENT_TEAM = "";
				GENERATE_INFOPLIST_FILE = NO;
				INFOPLIST_FILE = GlowMate/Info.plist;
				LD_RUNPATH_SEARCH_PATHS = (
					"$(inherited)",
					"@executable_path/Frameworks",
				);
				MARKETING_VERSION = 1.0.0;
				PRODUCT_BUNDLE_IDENTIFIER = com.zhouyajie.glowmate;
				PRODUCT_NAME = GlowMate;
				SDKROOT = iphoneos;
				SUPPORTED_PLATFORMS = "iphoneos iphonesimulator";
				SUPPORTS_MACCATALYST = NO;
				SWIFT_EMIT_LOC_STRINGS = YES;
				SWIFT_VERSION = 5.0;
				TARGETED_DEVICE_FAMILY = 1;
				UILAUNCHSCREEN_GENERATION = NO;
				VALIDATE_PRODUCT = YES;
			};
			name = Release;
		};
/* End XCBuildConfiguration section */

/* Begin XCConfigurationList section */
		800000000000000000000001 /* Build configuration list for PBXProject "GlowMate" */ = {
			isa = XCConfigurationList;
			buildConfigurations = (
				700000000000000000000001 /* Debug */,
				700000000000000000000002 /* Release */,
			);
			defaultConfigurationIsVisible = 0;
			defaultConfigurationName = Release;
		};
		800000000000000000000002 /* Build configuration list for PBXNativeTarget "GlowMate" */ = {
			isa = XCConfigurationList;
			buildConfigurations = (
				700000000000000000000003 /* Debug */,
				700000000000000000000004 /* Release */,
			);
			defaultConfigurationIsVisible = 0;
			defaultConfigurationName = Release;
		};
/* End XCConfigurationList section */
	};
	rootObject = 600000000000000000000001 /* Project object */;
}
